// !$*UTF8*$!
{
	archiveVersion = 1;
	classes = {
	};
	objectVersion = 46;
	objects = {

/* Begin PBXBuildFile section */
		ED14D5CE1AFC48010057E60E /* CreateAccountRootViewController.swift in Sources */ = {isa = PBXBuildFile; fileRef = ED14D5CD1AFC48010057E60E /* CreateAccountRootViewController.swift */; };
		ED14D5D01AFC481D0057E60E /* SignInRootViewController.swift in Sources */ = {isa = PBXBuildFile; fileRef = ED14D5CF1AFC481D0057E60E /* SignInRootViewController.swift */; };
		ED14D5D21AFC6EDA0057E60E /* CreateAccountViewController.swift in Sources */ = {isa = PBXBuildFile; fileRef = ED14D5D11AFC6EDA0057E60E /* CreateAccountViewController.swift */; };
		ED14D5D41AFC6F610057E60E /* SignInViewController.swift in Sources */ = {isa = PBXBuildFile; fileRef = ED14D5D31AFC6F610057E60E /* SignInViewController.swift */; };
		ED14D5D81AFC875C0057E60E /* TermsViewController.swift in Sources */ = {isa = PBXBuildFile; fileRef = ED14D5D71AFC875C0057E60E /* TermsViewController.swift */; };
		ED67E4B81AFD91FC00128FFB /* WelcomeOneViewController.swift in Sources */ = {isa = PBXBuildFile; fileRef = ED67E4B71AFD91FC00128FFB /* WelcomeOneViewController.swift */; };
		ED69C9F11AFD49A800420C31 /* ForgotPasswordViewController.swift in Sources */ = {isa = PBXBuildFile; fileRef = ED69C9F01AFD49A800420C31 /* ForgotPasswordViewController.swift */; };
		ED8152901AFBF4EB00A8BB01 /* AppDelegate.swift in Sources */ = {isa = PBXBuildFile; fileRef = ED81528F1AFBF4EB00A8BB01 /* AppDelegate.swift */; };
		ED8152921AFBF4EB00A8BB01 /* ViewController.swift in Sources */ = {isa = PBXBuildFile; fileRef = ED8152911AFBF4EB00A8BB01 /* ViewController.swift */; };
		ED8152951AFBF4EB00A8BB01 /* Main.storyboard in Resources */ = {isa = PBXBuildFile; fileRef = ED8152931AFBF4EB00A8BB01 /* Main.storyboard */; };
		ED8152971AFBF4EB00A8BB01 /* Images.xcassets in Resources */ = {isa = PBXBuildFile; fileRef = ED8152961AFBF4EB00A8BB01 /* Images.xcassets */; };
		ED8152A61AFBF4EC00A8BB01 /* CodePath_Week_1_Project_DropBoxTests.swift in Sources */ = {isa = PBXBuildFile; fileRef = ED8152A51AFBF4EC00A8BB01 /* CodePath_Week_1_Project_DropBoxTests.swift */; };
		EDDC15E11AFD1FF600F16B9D /* SettingsSignInViewController.swift in Sources */ = {isa = PBXBuildFile; fileRef = EDDC15E01AFD1FF600F16B9D /* SettingsSignInViewController.swift */; };
		EDDC15E41AFD347600F16B9D /* PhotosViewController.swift in Sources */ = {isa = PBXBuildFile; fileRef = EDDC15E31AFD347600F16B9D /* PhotosViewController.swift */; };
		EDDC15E61AFD37FD00F16B9D /* SettingsCreateAccountViewController.swift in Sources */ = {isa = PBXBuildFile; fileRef = EDDC15E51AFD37FD00F16B9D /* SettingsCreateAccountViewController.swift */; };
/* End PBXBuildFile section */

/* Begin PBXContainerItemProxy section */
		ED8152A01AFBF4EC00A8BB01 /* PBXContainerItemProxy */ = {
			isa = PBXContainerItemProxy;
			containerPortal = ED8152821AFBF4EB00A8BB01 /* Project object */;
			proxyType = 1;
			remoteGlobalIDString = ED8152891AFBF4EB00A8BB01;
			remoteInfo = "CodePath_Week 1_Project_DropBox";
		};
/* End PBXContainerItemProxy section */

/* Begin PBXFileReference section */
		ED14D5CD1AFC48010057E60E /* CreateAccountRootViewController.swift */ = {isa = PBXFileReference; fileEncoding = 4; lastKnownFileType = sourcecode.swift; name = CreateAccountRootViewController.swift; path = "CodePath_Week 1_Project_DropBox/CreateAccountRootViewController.swift"; sourceTree = "<group>"; };
		ED14D5CF1AFC481D0057E60E /* SignInRootViewController.swift */ = {isa = PBXFileReference; fileEncoding = 4; lastKnownFileType = sourcecode.swift; name = SignInRootViewController.swift; path = "CodePath_Week 1_Project_DropBox/SignInRootViewController.swift"; sourceTree = "<group>"; };
		ED14D5D11AFC6EDA0057E60E /* CreateAccountViewController.swift */ = {isa = PBXFileReference; fileEncoding = 4; lastKnownFileType = sourcecode.swift; name = CreateAccountViewController.swift; path = "CodePath_Week 1_Project_DropBox/CreateAccountViewController.swift"; sourceTree = "<group>"; };
		ED14D5D31AFC6F610057E60E /* SignInViewController.swift */ = {isa = PBXFileReference; fileEncoding = 4; lastKnownFileType = sourcecode.swift; name = SignInViewController.swift; path = "CodePath_Week 1_Project_DropBox/SignInViewController.swift"; sourceTree = "<group>"; };
		ED14D5D71AFC875C0057E60E /* TermsViewController.swift */ = {isa = PBXFileReference; fileEncoding = 4; lastKnownFileType = sourcecode.swift; path = TermsViewController.swift; sourceTree = "<group>"; };
		ED67E4B71AFD91FC00128FFB /* WelcomeOneViewController.swift */ = {isa = PBXFileReference; fileEncoding = 4; lastKnownFileType = sourcecode.swift; path = WelcomeOneViewController.swift; sourceTree = "<group>"; };
		ED69C9F01AFD49A800420C31 /* ForgotPasswordViewController.swift */ = {isa = PBXFileReference; fileEncoding = 4; lastKnownFileType = sourcecode.swift; path = ForgotPasswordViewController.swift; sourceTree = "<group>"; };
		ED81528A1AFBF4EB00A8BB01 /* CodePath_Week 1_Project_DropBox.app */ = {isa = PBXFileReference; explicitFileType = wrapper.application; includeInIndex = 0; path = "CodePath_Week 1_Project_DropBox.app"; sourceTree = BUILT_PRODUCTS_DIR; };
		ED81528E1AFBF4EB00A8BB01 /* Info.plist */ = {isa = PBXFileReference; lastKnownFileType = text.plist.xml; path = Info.plist; sourceTree = "<group>"; };
		ED81528F1AFBF4EB00A8BB01 /* AppDelegate.swift */ = {isa = PBXFileReference; lastKnownFileType = sourcecode.swift; path = AppDelegate.swift; sourceTree = "<group>"; };
		ED8152911AFBF4EB00A8BB01 /* ViewController.swift */ = {isa = PBXFileReference; lastKnownFileType = sourcecode.swift; path = ViewController.swift; sourceTree = "<group>"; };
		ED8152941AFBF4EB00A8BB01 /* Base */ = {isa = PBXFileReference; lastKnownFileType = file.storyboard; name = Base; path = Base.lproj/Main.storyboard; sourceTree = "<group>"; };
		ED8152961AFBF4EB00A8BB01 /* Images.xcassets */ = {isa = PBXFileReference; lastKnownFileType = folder.assetcatalog; path = Images.xcassets; sourceTree = "<group>"; };
		ED81529F1AFBF4EC00A8BB01 /* CodePath_Week 1_Project_DropBoxTests.xctest */ = {isa = PBXFileReference; explicitFileType = wrapper.cfbundle; includeInIndex = 0; path = "CodePath_Week 1_Project_DropBoxTests.xctest"; sourceTree = BUILT_PRODUCTS_DIR; };
		ED8152A41AFBF4EC00A8BB01 /* Info.plist */ = {isa = PBXFileReference; lastKnownFileType = text.plist.xml; path = Info.plist; sourceTree = "<group>"; };
		ED8152A51AFBF4EC00A8BB01 /* CodePath_Week_1_Project_DropBoxTests.swift */ = {isa = PBXFileReference; lastKnownFileType = sourcecode.swift; path = CodePath_Week_1_Project_DropBoxTests.swift; sourceTree = "<group>"; };
		EDDC15E01AFD1FF600F16B9D /* SettingsSignInViewController.swift */ = {isa = PBXFileReference; fileEncoding = 4; lastKnownFileType = sourcecode.swift; name = SettingsSignInViewController.swift; path = "CodePath_Week 1_Project_DropBox/SettingsSignInViewController.swift"; sourceTree = "<group>"; };
		EDDC15E31AFD347600F16B9D /* PhotosViewController.swift */ = {isa = PBXFileReference; fileEncoding = 4; lastKnownFileType = sourcecode.swift; path = PhotosViewController.swift; sourceTree = "<group>"; };
		EDDC15E51AFD37FD00F16B9D /* SettingsCreateAccountViewController.swift */ = {isa = PBXFileReference; fileEncoding = 4; lastKnownFileType = sourcecode.swift; path = SettingsCreateAccountViewController.swift; sourceTree = "<group>"; };
/* End PBXFileReference section */

/* Begin PBXFrameworksBuildPhase section */
		ED8152871AFBF4EB00A8BB01 /* Frameworks */ = {
			isa = PBXFrameworksBuildPhase;
			buildActionMask = 2147483647;
			files = (
			);
			runOnlyForDeploymentPostprocessing = 0;
		};
		ED81529C1AFBF4EC00A8BB01 /* Frameworks */ = {
			isa = PBXFrameworksBuildPhase;
			buildActionMask = 2147483647;
			files = (
			);
			runOnlyForDeploymentPostprocessing = 0;
		};
/* End PBXFrameworksBuildPhase section */

/* Begin PBXGroup section */
		ED8152811AFBF4EB00A8BB01 = {
			isa = PBXGroup;
			children = (
				EDDC15E21AFD200000F16B9D /* View Controllers */,
				ED14D5D71AFC875C0057E60E /* TermsViewController.swift */,
				ED81528C1AFBF4EB00A8BB01 /* CodePath_Week 1_Project_DropBox */,
				ED8152A21AFBF4EC00A8BB01 /* CodePath_Week 1_Project_DropBoxTests */,
				ED81528B1AFBF4EB00A8BB01 /* Products */,
			);
			sourceTree = "<group>";
		};
		ED81528B1AFBF4EB00A8BB01 /* Products */ = {
			isa = PBXGroup;
			children = (
				ED81528A1AFBF4EB00A8BB01 /* CodePath_Week 1_Project_DropBox.app */,
				ED81529F1AFBF4EC00A8BB01 /* CodePath_Week 1_Project_DropBoxTests.xctest */,
			);
			name = Products;
			sourceTree = "<group>";
		};
		ED81528C1AFBF4EB00A8BB01 /* CodePath_Week 1_Project_DropBox */ = {
			isa = PBXGroup;
			children = (
				ED81528F1AFBF4EB00A8BB01 /* AppDelegate.swift */,
				ED8152911AFBF4EB00A8BB01 /* ViewController.swift */,
				ED8152931AFBF4EB00A8BB01 /* Main.storyboard */,
				ED8152961AFBF4EB00A8BB01 /* Images.xcassets */,
				ED81528D1AFBF4EB00A8BB01 /* Supporting Files */,
			);
			path = "CodePath_Week 1_Project_DropBox";
			sourceTree = "<group>";
		};
		ED81528D1AFBF4EB00A8BB01 /* Supporting Files */ = {
			isa = PBXGroup;
			children = (
				ED81528E1AFBF4EB00A8BB01 /* Info.plist */,
			);
			name = "Supporting Files";
			sourceTree = "<group>";
		};
		ED8152A21AFBF4EC00A8BB01 /* CodePath_Week 1_Project_DropBoxTests */ = {
			isa = PBXGroup;
			children = (
				ED8152A51AFBF4EC00A8BB01 /* CodePath_Week_1_Project_DropBoxTests.swift */,
				ED8152A31AFBF4EC00A8BB01 /* Supporting Files */,
			);
			path = "CodePath_Week 1_Project_DropBoxTests";
			sourceTree = "<group>";
		};
		ED8152A31AFBF4EC00A8BB01 /* Supporting Files */ = {
			isa = PBXGroup;
			children = (
				ED8152A41AFBF4EC00A8BB01 /* Info.plist */,
			);
			name = "Supporting Files";
			sourceTree = "<group>";
		};
		EDDC15E21AFD200000F16B9D /* View Controllers */ = {
			isa = PBXGroup;
			children = (
				ED67E4B71AFD91FC00128FFB /* WelcomeOneViewController.swift */,
				EDDC15E01AFD1FF600F16B9D /* SettingsSignInViewController.swift */,
				EDDC15E31AFD347600F16B9D /* PhotosViewController.swift */,
				ED14D5CD1AFC48010057E60E /* CreateAccountRootViewController.swift */,
				ED14D5D11AFC6EDA0057E60E /* CreateAccountViewController.swift */,
				ED14D5CF1AFC481D0057E60E /* SignInRootViewController.swift */,
				ED14D5D31AFC6F610057E60E /* SignInViewController.swift */,
				EDDC15E51AFD37FD00F16B9D /* SettingsCreateAccountViewController.swift */,
				ED69C9F01AFD49A800420C31 /* ForgotPasswordViewController.swift */,
			);
			name = "View Controllers";
			sourceTree = "<group>";
		};
/* End PBXGroup section */

/* Begin PBXNativeTarget section */
		ED8152891AFBF4EB00A8BB01 /* CodePath_Week 1_Project_DropBox */ = {
			isa = PBXNativeTarget;
			buildConfigurationList = ED8152A91AFBF4EC00A8BB01 /* Build configuration list for PBXNativeTarget "CodePath_Week 1_Project_DropBox" */;
			buildPhases = (
				ED8152861AFBF4EB00A8BB01 /* Sources */,
				ED8152871AFBF4EB00A8BB01 /* Frameworks */,
				ED8152881AFBF4EB00A8BB01 /* Resources */,
			);
			buildRules = (
			);
			dependencies = (
			);
			name = "CodePath_Week 1_Project_DropBox";
			productName = "CodePath_Week 1_Project_DropBox";
			productReference = ED81528A1AFBF4EB00A8BB01 /* CodePath_Week 1_Project_DropBox.app */;
			productType = "com.apple.product-type.application";
		};
		ED81529E1AFBF4EC00A8BB01 /* CodePath_Week 1_Project_DropBoxTests */ = {
			isa = PBXNativeTarget;
			buildConfigurationList = ED8152AC1AFBF4EC00A8BB01 /* Build configuration list for PBXNativeTarget "CodePath_Week 1_Project_DropBoxTests" */;
			buildPhases = (
				ED81529B1AFBF4EC00A8BB01 /* Sources */,
				ED81529C1AFBF4EC00A8BB01 /* Frameworks */,
				ED81529D1AFBF4EC00A8BB01 /* Resources */,
			);
			buildRules = (
			);
			dependencies = (
				ED8152A11AFBF4EC00A8BB01 /* PBXTargetDependency */,
			);
			name = "CodePath_Week 1_Project_DropBoxTests";
			productName = "CodePath_Week 1_Project_DropBoxTests";
			productReference = ED81529F1AFBF4EC00A8BB01 /* CodePath_Week 1_Project_DropBoxTests.xctest */;
			productType = "com.apple.product-type.bundle.unit-test";
		};
/* End PBXNativeTarget section */

/* Begin PBXProject section */
		ED8152821AFBF4EB00A8BB01 /* Project object */ = {
			isa = PBXProject;
			attributes = {
				LastUpgradeCheck = 0630;
				ORGANIZATIONNAME = "Charles Hieger";
				TargetAttributes = {
					ED8152891AFBF4EB00A8BB01 = {
						CreatedOnToolsVersion = 6.3.1;
					};
					ED81529E1AFBF4EC00A8BB01 = {
						CreatedOnToolsVersion = 6.3.1;
						TestTargetID = ED8152891AFBF4EB00A8BB01;
					};
				};
			};
			buildConfigurationList = ED8152851AFBF4EB00A8BB01 /* Build configuration list for PBXProject "CodePath_Week 1_Project_DropBox" */;
			compatibilityVersion = "Xcode 3.2";
			developmentRegion = English;
			hasScannedForEncodings = 0;
			knownRegions = (
				en,
				Base,
			);
			mainGroup = ED8152811AFBF4EB00A8BB01;
			productRefGroup = ED81528B1AFBF4EB00A8BB01 /* Products */;
			projectDirPath = "";
			projectRoot = "";
			targets = (
				ED8152891AFBF4EB00A8BB01 /* CodePath_Week 1_Project_DropBox */,
				ED81529E1AFBF4EC00A8BB01 /* CodePath_Week 1_Project_DropBoxTests */,
			);
		};
/* End PBXProject section */

/* Begin PBXResourcesBuildPhase section */
		ED8152881AFBF4EB00A8BB01 /* Resources */ = {
			isa = PBXResourcesBuildPhase;
			buildActionMask = 2147483647;
			files = (
				ED8152951AFBF4EB00A8BB01 /* Main.storyboard in Resources */,
				ED8152971AFBF4EB00A8BB01 /* Images.xcassets in Resources */,
			);
			runOnlyForDeploymentPostprocessing = 0;
		};
		ED81529D1AFBF4EC00A8BB01 /* Resources */ = {
			isa = PBXResourcesBuildPhase;
			buildActionMask = 2147483647;
			files = (
			);
			runOnlyForDeploymentPostprocessing = 0;
		};
/* End PBXResourcesBuildPhase section */

/* Begin PBXSourcesBuildPhase section */
		ED8152861AFBF4EB00A8BB01 /* Sources */ = {
			isa = PBXSourcesBuildPhase;
			buildActionMask = 2147483647;
			files = (
				EDDC15E41AFD347600F16B9D /* PhotosViewController.swift in Sources */,
				EDDC15E61AFD37FD00F16B9D /* SettingsCreateAccountViewController.swift in Sources */,
				ED69C9F11AFD49A800420C31 /* ForgotPasswordViewController.swift in Sources */,
				ED14D5D21AFC6EDA0057E60E /* CreateAccountViewController.swift in Sources */,
				EDDC15E11AFD1FF600F16B9D /* SettingsSignInViewController.swift in Sources */,
				ED14D5D01AFC481D0057E60E /* SignInRootViewController.swift in Sources */,
				ED67E4B81AFD91FC00128FFB /* WelcomeOneViewController.swift in Sources */,
				ED14D5D41AFC6F610057E60E /* SignInViewController.swift in Sources */,
				ED14D5CE1AFC48010057E60E /* CreateAccountRootViewController.swift in Sources */,
				ED8152921AFBF4EB00A8BB01 /* ViewController.swift in Sources */,
				ED8152901AFBF4EB00A8BB01 /* AppDelegate.swift in Sources */,
				ED14D5D81AFC875C0057E60E /* TermsViewController.swift in Sources */,
			);
			runOnlyForDeploymentPostprocessing = 0;
		};
		ED81529B1AFBF4EC00A8BB01 /* Sources */ = {
			isa = PBXSourcesBuildPhase;
			buildActionMask = 2147483647;
			files = (
				ED8152A61AFBF4EC00A8BB01 /* CodePath_Week_1_Project_DropBoxTests.swift in Sources */,
			);
			runOnlyForDeploymentPostprocessing = 0;
		};
/* End PBXSourcesBuildPhase section */

/* Begin PBXTargetDependency section */
		ED8152A11AFBF4EC00A8BB01 /* PBXTargetDependency */ = {
			isa = PBXTargetDependency;
			target = ED8152891AFBF4EB00A8BB01 /* CodePath_Week 1_Project_DropBox */;
			targetProxy = ED8152A01AFBF4EC00A8BB01 /* PBXContainerItemProxy */;
		};
/* End PBXTargetDependency section */

/* Begin PBXVariantGroup section */
		ED8152931AFBF4EB00A8BB01 /* Main.storyboard */ = {
			isa = PBXVariantGroup;
			children = (
				ED8152941AFBF4EB00A8BB01 /* Base */,
			);
			name = Main.storyboard;
			sourceTree = "<group>";
		};
/* End PBXVariantGroup section */

/* Begin XCBuildConfiguration section */
		ED8152A71AFBF4EC00A8BB01 /* Debug */ = {
			isa = XCBuildConfiguration;
			buildSettings = {
				ALWAYS_SEARCH_USER_PATHS = NO;
				CLANG_CXX_LANGUAGE_STANDARD = "gnu++0x";
				CLANG_CXX_LIBRARY = "libc++";
				CLANG_ENABLE_MODULES = YES;
				CLANG_ENABLE_OBJC_ARC = YES;
				CLANG_WARN_BOOL_CONVERSION = YES;
				CLANG_WARN_CONSTANT_CONVERSION = YES;
				CLANG_WARN_DIRECT_OBJC_ISA_USAGE = YES_ERROR;
				CLANG_WARN_EMPTY_BODY = YES;
				CLANG_WARN_ENUM_CONVERSION = YES;
				CLANG_WARN_INT_CONVERSION = YES;
				CLANG_WARN_OBJC_ROOT_CLASS = YES_ERROR;
				CLANG_WARN_UNREACHABLE_CODE = YES;
				CLANG_WARN__DUPLICATE_METHOD_MATCH = YES;
				"CODE_SIGN_IDENTITY[sdk=iphoneos*]" = "iPhone Developer";
				COPY_PHASE_STRIP = NO;
				DEBUG_INFORMATION_FORMAT = "dwarf-with-dsym";
				ENABLE_STRICT_OBJC_MSGSEND = YES;
				GCC_C_LANGUAGE_STANDARD = gnu99;
				GCC_DYNAMIC_NO_PIC = NO;
				GCC_NO_COMMON_BLOCKS = YES;
				GCC_OPTIMIZATION_LEVEL = 0;
				GCC_PREPROCESSOR_DEFINITIONS = (
					"DEBUG=1",
					"$(inherited)",
				);
				GCC_SYMBOLS_PRIVATE_EXTERN = NO;
				GCC_WARN_64_TO_32_BIT_CONVERSION = YES;
				GCC_WARN_ABOUT_RETURN_TYPE = YES_ERROR;
				GCC_WARN_UNDECLARED_SELECTOR = YES;
				GCC_WARN_UNINITIALIZED_AUTOS = YES_AGGRESSIVE;
				GCC_WARN_UNUSED_FUNCTION = YES;
				GCC_WARN_UNUSED_VARIABLE = YES;
				IPHONEOS_DEPLOYMENT_TARGET = 8.3;
				MTL_ENABLE_DEBUG_INFO = YES;
				ONLY_ACTIVE_ARCH = YES;
				SDKROOT = iphoneos;
				SWIFT_OPTIMIZATION_LEVEL = "-Onone";
			};
			name = Debug;
		};
		ED8152A81AFBF4EC00A8BB01 /* Release */ = {
			isa = XCBuildConfiguration;
			buildSettings = {
				ALWAYS_SEARCH_USER_PATHS = NO;
				CLANG_CXX_LANGUAGE_STANDARD = "gnu++0x";
				CLANG_CXX_LIBRARY = "libc++";
				CLANG_ENABLE_MODULES = YES;
				CLANG_ENABLE_OBJC_ARC = YES;
				CLANG_WARN_BOOL_CONVERSION = YES;
				CLANG_WARN_CONSTANT_CONVERSION = YES;
				CLANG_WARN_DIRECT_OBJC_ISA_USAGE = YES_ERROR;
				CLANG_WARN_EMPTY_BODY = YES;
				CLANG_WARN_ENUM_CONVERSION = YES;
				CLANG_WARN_INT_CONVERSION = YES;
				CLANG_WARN_OBJC_ROOT_CLASS = YES_ERROR;
				CLANG_WARN_UNREACHABLE_CODE = YES;
				CLANG_WARN__DUPLICATE_METHOD_MATCH = YES;
				"CODE_SIGN_IDENTITY[sdk=iphoneos*]" = "iPhone Developer";
				COPY_PHASE_STRIP = NO;
				DEBUG_INFORMATION_FORMAT = "dwarf-with-dsym";
				ENABLE_NS_ASSERTIONS = NO;
				ENABLE_STRICT_OBJC_MSGSEND = YES;
				GCC_C_LANGUAGE_STANDARD = gnu99;
				GCC_NO_COMMON_BLOCKS = YES;
				GCC_WARN_64_TO_32_BIT_CONVERSION = YES;
				GCC_WARN_ABOUT_RETURN_TYPE = YES_ERROR;
				GCC_WARN_UNDECLARED_SELECTOR = YES;
				GCC_WARN_UNINITIALIZED_AUTOS = YES_AGGRESSIVE;
				GCC_WARN_UNUSED_FUNCTION = YES;
				GCC_WARN_UNUSED_VARIABLE = YES;
				IPHONEOS_DEPLOYMENT_TARGET = 8.3;
				MTL_ENABLE_DEBUG_INFO = NO;
				SDKROOT = iphoneos;
				VALIDATE_PRODUCT = YES;
			};
			name = Release;
		};
		ED8152AA1AFBF4EC00A8BB01 /* Debug */ = {
			isa = XCBuildConfiguration;
			buildSettings = {
				ASSETCATALOG_COMPILER_APPICON_NAME = AppIcon;
				ASSETCATALOG_COMPILER_LAUNCHIMAGE_NAME = LaunchImage;
				INFOPLIST_FILE = "CodePath_Week 1_Project_DropBox/Info.plist";
				LD_RUNPATH_SEARCH_PATHS = "$(inherited) @executable_path/Frameworks";
				PRODUCT_NAME = "$(TARGET_NAME)";
			};
			name = Debug;
		};
		ED8152AB1AFBF4EC00A8BB01 /* Release */ = {
			isa = XCBuildConfiguration;
			buildSettings = {
				ASSETCATALOG_COMPILER_APPICON_NAME = AppIcon;
				ASSETCATALOG_COMPILER_LAUNCHIMAGE_NAME = LaunchImage;
				INFOPLIST_FILE = "CodePath_Week 1_Project_DropBox/Info.plist";
				LD_RUNPATH_SEARCH_PATHS = "$(inherited) @executable_path/Frameworks";
				PRODUCT_NAME = "$(TARGET_NAME)";
			};
			name = Release;
		};
		ED8152AD1AFBF4EC00A8BB01 /* Debug */ = {
			isa = XCBuildConfiguration;
			buildSettings = {
				BUNDLE_LOADER = "$(TEST_HOST)";
				FRAMEWORK_SEARCH_PATHS = (
					"$(SDKROOT)/Developer/Library/Frameworks",
					"$(inherited)",
				);
				GCC_PREPROCESSOR_DEFINITIONS = (
					"DEBUG=1",
					"$(inherited)",
				);
				INFOPLIST_FILE = "CodePath_Week 1_Project_DropBoxTests/Info.plist";
				LD_RUNPATH_SEARCH_PATHS = "$(inherited) @executable_path/Frameworks @loader_path/Frameworks";
				PRODUCT_NAME = "$(TARGET_NAME)";
				TEST_HOST = "$(BUILT_PRODUCTS_DIR)/CodePath_Week 1_Project_DropBox.app/CodePath_Week 1_Project_DropBox";
			};
			name = Debug;
		};
		ED8152AE1AFBF4EC00A8BB01 /* Release */ = {
			isa = XCBuildConfiguration;
			buildSettings = {
				BUNDLE_LOADER = "$(TEST_HOST)";
				FRAMEWORK_SEARCH_PATHS = (
					"$(SDKROOT)/Developer/Library/Frameworks",
					"$(inherited)",
				);
				INFOPLIST_FILE = "CodePath_Week 1_Project_DropBoxTests/Info.plist";
				LD_RUNPATH_SEARCH_PATHS = "$(inherited) @executable_path/Frameworks @loader_path/Frameworks";
				PRODUCT_NAME = "$(TARGET_NAME)";
				TEST_HOST = "$(BUILT_PRODUCTS_DIR)/CodePath_Week 1_Project_DropBox.app/CodePath_Week 1_Project_DropBox";
			};
			name = Release;
		};
/* End XCBuildConfiguration section */

/* Begin XCConfigurationList section */
		ED8152851AFBF4EB00A8BB01 /* Build configuration list for PBXProject "CodePath_Week 1_Project_DropBox" */ = {
			isa = XCConfigurationList;
			buildConfigurations = (
				ED8152A71AFBF4EC00A8BB01 /* Debug */,
				ED8152A81AFBF4EC00A8BB01 /* Release */,
			);
			defaultConfigurationIsVisible = 0;
			defaultConfigurationName = Release;
		};
		ED8152A91AFBF4EC00A8BB01 /* Build configuration list for PBXNativeTarget "CodePath_Week 1_Project_DropBox" */ = {
			isa = XCConfigurationList;
			buildConfigurations = (
				ED8152AA1AFBF4EC00A8BB01 /* Debug */,
				ED8152AB1AFBF4EC00A8BB01 /* Release */,
			);
			defaultConfigurationIsVisible = 0;
			defaultConfigurationName = Release;
		};
		ED8152AC1AFBF4EC00A8BB01 /* Build configuration list for PBXNativeTarget "CodePath_Week 1_Project_DropBoxTests" */ = {
			isa = XCConfigurationList;
			buildConfigurations = (
				ED8152AD1AFBF4EC00A8BB01 /* Debug */,
				ED8152AE1AFBF4EC00A8BB01 /* Release */,
			);
			defaultConfigurationIsVisible = 0;
			defaultConfigurationName = Release;
		};
/* End XCConfigurationList section */
	};
	rootObject = ED8152821AFBF4EB00A8BB01 /* Project object */;
}
